
Microsoft Visual Studio Solution File, Format Version 12.00
# Visual Studio Version 17
VisualStudioVersion = 17.5.002.0
MinimumVisualStudioVersion = 10.0.40219.1
Project("{9A19103F-16F7-4668-BE54-9A1E7A4F7556}") = "Task1", "Task1\Task1.csproj", "{FA3DAC08-B0C4-4BFD-9D25-10BCA2908CC4}"
EndProject
Project("{FAE04EC0-301F-11D3-BF4B-00C04F79EFBC}") = "Task2", "Task2\Task2.csproj", "{B97A76A6-4CF9-4CFF-982E-A891380F2B89}"
EndProject
Project("{FAE04EC0-301F-11D3-BF4B-00C04F79EFBC}") = "Task3", "Task3\Task3.csproj", "{CDA8FFCF-4013-4615-B976-502BE6DB426D}"
EndProject
Project("{FAE04EC0-301F-11D3-BF4B-00C04F79EFBC}") = "Task4", "Task4\Task4.csproj", "{C356B62D-6DA4-4BBC-97AB-9B6A7FCF318C}"
EndProject
Project("{FAE04EC0-301F-11D3-BF4B-00C04F79EFBC}") = "homework1", "homework1\homework1.csproj", "{4278AC24-2427-40BA-BB10-8272AEB02F20}"
EndProject
Project("{FAE04EC0-301F-11D3-BF4B-00C04F79EFBC}") = "homework2", "homework2\homework2.csproj", "{D73359C3-86A1-42CD-AE21-36FDA97D94F2}"
EndProject
Project("{FAE04EC0-301F-11D3-BF4B-00C04F79EFBC}") = "homework3", "homework3\homework3.csproj", "{B1AA7074-D8BD-4F9D-98E2-0FB7BE26778D}"
EndProject
Global
	GlobalSection(SolutionConfigurationPlatforms) = preSolution
		Debug|Any CPU = Debug|Any CPU
		Release|Any CPU = Release|Any CPU
	EndGlobalSection
	GlobalSection(ProjectConfigurationPlatforms) = postSolution
		{FA3DAC08-B0C4-4BFD-9D25-10BCA2908CC4}.Debug|Any CPU.ActiveCfg = Debug|Any CPU
		{FA3DAC08-B0C4-4BFD-9D25-10BCA2908CC4}.Debug|Any CPU.Build.0 = Debug|Any CPU
		{FA3DAC08-B0C4-4BFD-9D25-10BCA2908CC4}.Release|Any CPU.ActiveCfg = Release|Any CPU
		{FA3DAC08-B0C4-4BFD-9D25-10BCA2908CC4}.Release|Any CPU.Build.0 = Release|Any CPU
		{B97A76A6-4CF9-4CFF-982E-A891380F2B89}.Debug|Any CPU.ActiveCfg = Debug|Any CPU
		{B97A76A6-4CF9-4CFF-982E-A891380F2B89}.Debug|Any CPU.Build.0 = Debug|Any CPU
		{B97A76A6-4CF9-4CFF-982E-A891380F2B89}.Release|Any CPU.ActiveCfg = Release|Any CPU
		{B97A76A6-4CF9-4CFF-982E-A891380F2B89}.Release|Any CPU.Build.0 = Release|Any CPU
		{CDA8FFCF-4013-4615-B976-502BE6DB426D}.Debug|Any CPU.ActiveCfg = Debug|Any CPU
		{CDA8FFCF-4013-4615-B976-502BE6DB426D}.Debug|Any CPU.Build.0 = Debug|Any CPU
		{CDA8FFCF-4013-4615-B976-502BE6DB426D}.Release|Any CPU.ActiveCfg = Release|Any CPU
		{CDA8FFCF-4013-4615-B976-502BE6DB426D}.Release|Any CPU.Build.0 = Release|Any CPU
		{C356B62D-6DA4-4BBC-97AB-9B6A7FCF318C}.Debug|Any CPU.ActiveCfg = Debug|Any CPU
		{C356B62D-6DA4-4BBC-97AB-9B6A7FCF318C}.Debug|Any CPU.Build.0 = Debug|Any CPU
		{C356B62D-6DA4-4BBC-97AB-9B6A7FCF318C}.Release|Any CPU.ActiveCfg = Release|Any CPU
		{C356B62D-6DA4-4BBC-97AB-9B6A7FCF318C}.Release|Any CPU.Build.0 = Release|Any CPU
		{4278AC24-2427-40BA-BB10-8272AEB02F20}.Debug|Any CPU.ActiveCfg = Debug|Any CPU
		{4278AC24-2427-40BA-BB10-8272AEB02F20}.Debug|Any CPU.Build.0 = Debug|Any CPU
		{4278AC24-2427-40BA-BB10-8272AEB02F20}.Release|Any CPU.ActiveCfg = Release|Any CPU
		{4278AC24-2427-40BA-BB10-8272AEB02F20}.Release|Any CPU.Build.0 = Release|Any CPU
		{D73359C3-86A1-42CD-AE21-36FDA97D94F2}.Debug|Any CPU.ActiveCfg = Debug|Any CPU
		{D73359C3-86A1-42CD-AE21-36FDA97D94F2}.Debug|Any CPU.Build.0 = Debug|Any CPU
		{D73359C3-86A1-42CD-AE21-36FDA97D94F2}.Release|Any CPU.ActiveCfg = Release|Any CPU
		{D73359C3-86A1-42CD-AE21-36FDA97D94F2}.Release|Any CPU.Build.0 = Release|Any CPU
		{B1AA7074-D8BD-4F9D-98E2-0FB7BE26778D}.Debug|Any CPU.ActiveCfg = Debug|Any CPU
		{B1AA7074-D8BD-4F9D-98E2-0FB7BE26778D}.Debug|Any CPU.Build.0 = Debug|Any CPU
		{B1AA7074-D8BD-4F9D-98E2-0FB7BE26778D}.Release|Any CPU.ActiveCfg = Release|Any CPU
		{B1AA7074-D8BD-4F9D-98E2-0FB7BE26778D}.Release|Any CPU.Build.0 = Release|Any CPU
	EndGlobalSection
	GlobalSection(SolutionProperties) = preSolution
		HideSolutionNode = FALSE
	EndGlobalSection
	GlobalSection(ExtensibilityGlobals) = postSolution
		SolutionGuid = {E6EC211F-8959-4335-8F45-EE657C802922}
	EndGlobalSection
EndGlobal
